// !$*UTF8*$!
{
	archiveVersion = 1;
	classes = {
	};
	objectVersion = 46;
	objects = {

/* Begin PBXBuildFile section */
		3D39F6EB1EDBE8960057FE0C /* ThirdViewController.swift in Sources */ = {isa = PBXBuildFile; fileRef = 3D39F6EA1EDBE8960057FE0C /* ThirdViewController.swift */; };
		3D39F6FB1EDE869C0057FE0C /* FourthViewController.swift in Sources */ = {isa = PBXBuildFile; fileRef = 3D39F6FA1EDE869C0057FE0C /* FourthViewController.swift */; };
		3D7BBFB31EDBDBE400399485 /* AppDelegate.swift in Sources */ = {isa = PBXBuildFile; fileRef = 3D7BBFB21EDBDBE400399485 /* AppDelegate.swift */; };
		3D7BBFB51EDBDBE400399485 /* FirstViewController.swift in Sources */ = {isa = PBXBuildFile; fileRef = 3D7BBFB41EDBDBE400399485 /* FirstViewController.swift */; };
		3D7BBFB71EDBDBE400399485 /* SecondViewController.swift in Sources */ = {isa = PBXBuildFile; fileRef = 3D7BBFB61EDBDBE400399485 /* SecondViewController.swift */; };
		3D7BBFBA1EDBDBE400399485 /* Main.storyboard in Resources */ = {isa = PBXBuildFile; fileRef = 3D7BBFB81EDBDBE400399485 /* Main.storyboard */; };
		3D7BBFBC1EDBDBE400399485 /* Assets.xcassets in Resources */ = {isa = PBXBuildFile; fileRef = 3D7BBFBB1EDBDBE400399485 /* Assets.xcassets */; };
		3D7BBFBF1EDBDBE400399485 /* LaunchScreen.storyboard in Resources */ = {isa = PBXBuildFile; fileRef = 3D7BBFBD1EDBDBE400399485 /* LaunchScreen.storyboard */; };
		3D7BBFCA1EDBDBE400399485 /* OptinoteTests.swift in Sources */ = {isa = PBXBuildFile; fileRef = 3D7BBFC91EDBDBE400399485 /* OptinoteTests.swift */; };
		3D7BBFED1EDBDD5900399485 /* SQLite.framework in Frameworks */ = {isa = PBXBuildFile; fileRef = 3D7BBFDF1EDBDD3600399485 /* SQLite.framework */; };
		3D7BBFEE1EDBDD5900399485 /* SQLite.framework in Embed Frameworks */ = {isa = PBXBuildFile; fileRef = 3D7BBFDF1EDBDD3600399485 /* SQLite.framework */; settings = {ATTRIBUTES = (CodeSignOnCopy, RemoveHeadersOnCopy, ); }; };
/* End PBXBuildFile section */

/* Begin PBXContainerItemProxy section */
		3D7BBFC61EDBDBE400399485 /* PBXContainerItemProxy */ = {
			isa = PBXContainerItemProxy;
			containerPortal = 3D7BBFA71EDBDBE400399485 /* Project object */;
			proxyType = 1;
			remoteGlobalIDString = 3D7BBFAE1EDBDBE400399485;
			remoteInfo = Optinote;
		};
		3D7BBFDE1EDBDD3600399485 /* PBXContainerItemProxy */ = {
			isa = PBXContainerItemProxy;
			containerPortal = 3D7BBFD41EDBDD3500399485 /* SQLite.xcodeproj */;
			proxyType = 2;
			remoteGlobalIDString = EE247AD31C3F04ED00AE3E12;
			remoteInfo = "SQLite iOS";
		};
		3D7BBFE01EDBDD3600399485 /* PBXContainerItemProxy */ = {
			isa = PBXContainerItemProxy;
			containerPortal = 3D7BBFD41EDBDD3500399485 /* SQLite.xcodeproj */;
			proxyType = 2;
			remoteGlobalIDString = EE247ADD1C3F04ED00AE3E12;
			remoteInfo = "SQLiteTests iOS";
		};
		3D7BBFE21EDBDD3600399485 /* PBXContainerItemProxy */ = {
			isa = PBXContainerItemProxy;
			containerPortal = 3D7BBFD41EDBDD3500399485 /* SQLite.xcodeproj */;
			proxyType = 2;
			remoteGlobalIDString = EE247B3C1C3F3ED000AE3E12;
			remoteInfo = "SQLite Mac";
		};
		3D7BBFE41EDBDD3600399485 /* PBXContainerItemProxy */ = {
			isa = PBXContainerItemProxy;
			containerPortal = 3D7BBFD41EDBDD3500399485 /* SQLite.xcodeproj */;
			proxyType = 2;
			remoteGlobalIDString = EE247B451C3F3ED000AE3E12;
			remoteInfo = "SQLiteTests Mac";
		};
		3D7BBFE61EDBDD3600399485 /* PBXContainerItemProxy */ = {
			isa = PBXContainerItemProxy;
			containerPortal = 3D7BBFD41EDBDD3500399485 /* SQLite.xcodeproj */;
			proxyType = 2;
			remoteGlobalIDString = 03A65E5A1C6BB0F50062603F;
			remoteInfo = "SQLite tvOS";
		};
		3D7BBFE81EDBDD3600399485 /* PBXContainerItemProxy */ = {
			isa = PBXContainerItemProxy;
			containerPortal = 3D7BBFD41EDBDD3500399485 /* SQLite.xcodeproj */;
			proxyType = 2;
			remoteGlobalIDString = 03A65E631C6BB0F60062603F;
			remoteInfo = "SQLiteTests tvOS";
		};
		3D7BBFEA1EDBDD3600399485 /* PBXContainerItemProxy */ = {
			isa = PBXContainerItemProxy;
			containerPortal = 3D7BBFD41EDBDD3500399485 /* SQLite.xcodeproj */;
			proxyType = 2;
			remoteGlobalIDString = A121AC451CA35C79005A31D1;
			remoteInfo = "SQLite watchOS";
		};
		3D7BBFEF1EDBDD5900399485 /* PBXContainerItemProxy */ = {
			isa = PBXContainerItemProxy;
			containerPortal = 3D7BBFD41EDBDD3500399485 /* SQLite.xcodeproj */;
			proxyType = 1;
			remoteGlobalIDString = EE247AD21C3F04ED00AE3E12;
			remoteInfo = "SQLite iOS";
		};
/* End PBXContainerItemProxy section */

/* Begin PBXCopyFilesBuildPhase section */
		3D7BBFF11EDBDD5A00399485 /* Embed Frameworks */ = {
			isa = PBXCopyFilesBuildPhase;
			buildActionMask = 2147483647;
			dstPath = "";
			dstSubfolderSpec = 10;
			files = (
				3D7BBFEE1EDBDD5900399485 /* SQLite.framework in Embed Frameworks */,
			);
			name = "Embed Frameworks";
			runOnlyForDeploymentPostprocessing = 0;
		};
/* End PBXCopyFilesBuildPhase section */

/* Begin PBXFileReference section */
		3D39F6EA1EDBE8960057FE0C /* ThirdViewController.swift */ = {isa = PBXFileReference; fileEncoding = 4; lastKnownFileType = sourcecode.swift; path = ThirdViewController.swift; sourceTree = "<group>"; };
		3D39F6F91EDE85260057FE0C /* optiNoteDB.db */ = {isa = PBXFileReference; lastKnownFileType = file; path = optiNoteDB.db; sourceTree = "<group>"; };
		3D39F6FA1EDE869C0057FE0C /* FourthViewController.swift */ = {isa = PBXFileReference; fileEncoding = 4; lastKnownFileType = sourcecode.swift; path = FourthViewController.swift; sourceTree = "<group>"; };
		3D7BBFAF1EDBDBE400399485 /* Optinote.app */ = {isa = PBXFileReference; explicitFileType = wrapper.application; includeInIndex = 0; path = Optinote.app; sourceTree = BUILT_PRODUCTS_DIR; };
		3D7BBFB21EDBDBE400399485 /* AppDelegate.swift */ = {isa = PBXFileReference; lastKnownFileType = sourcecode.swift; path = AppDelegate.swift; sourceTree = "<group>"; };
		3D7BBFB41EDBDBE400399485 /* FirstViewController.swift */ = {isa = PBXFileReference; lastKnownFileType = sourcecode.swift; path = FirstViewController.swift; sourceTree = "<group>"; };
		3D7BBFB61EDBDBE400399485 /* SecondViewController.swift */ = {isa = PBXFileReference; lastKnownFileType = sourcecode.swift; path = SecondViewController.swift; sourceTree = "<group>"; };
		3D7BBFB91EDBDBE400399485 /* Base */ = {isa = PBXFileReference; lastKnownFileType = file.storyboard; name = Base; path = Base.lproj/Main.storyboard; sourceTree = "<group>"; };
		3D7BBFBB1EDBDBE400399485 /* Assets.xcassets */ = {isa = PBXFileReference; lastKnownFileType = folder.assetcatalog; path = Assets.xcassets; sourceTree = "<group>"; };
		3D7BBFBE1EDBDBE400399485 /* Base */ = {isa = PBXFileReference; lastKnownFileType = file.storyboard; name = Base; path = Base.lproj/LaunchScreen.storyboard; sourceTree = "<group>"; };
		3D7BBFC01EDBDBE400399485 /* Info.plist */ = {isa = PBXFileReference; lastKnownFileType = text.plist.xml; path = Info.plist; sourceTree = "<group>"; };
		3D7BBFC51EDBDBE400399485 /* OptinoteTests.xctest */ = {isa = PBXFileReference; explicitFileType = wrapper.cfbundle; includeInIndex = 0; path = OptinoteTests.xctest; sourceTree = BUILT_PRODUCTS_DIR; };
		3D7BBFC91EDBDBE400399485 /* OptinoteTests.swift */ = {isa = PBXFileReference; lastKnownFileType = sourcecode.swift; path = OptinoteTests.swift; sourceTree = "<group>"; };
		3D7BBFCB1EDBDBE400399485 /* Info.plist */ = {isa = PBXFileReference; lastKnownFileType = text.plist.xml; path = Info.plist; sourceTree = "<group>"; };
		3D7BBFD41EDBDD3500399485 /* SQLite.xcodeproj */ = {isa = PBXFileReference; lastKnownFileType = "wrapper.pb-project"; name = SQLite.xcodeproj; path = "../../../../../Downloads/SQLite-4.swift-master/SQLite.xcodeproj"; sourceTree = "<group>"; };
/* End PBXFileReference section */

/* Begin PBXFrameworksBuildPhase section */
		3D7BBFAC1EDBDBE400399485 /* Frameworks */ = {
			isa = PBXFrameworksBuildPhase;
			buildActionMask = 2147483647;
			files = (
				3D7BBFED1EDBDD5900399485 /* SQLite.framework in Frameworks */,
			);
			runOnlyForDeploymentPostprocessing = 0;
		};
		3D7BBFC21EDBDBE400399485 /* Frameworks */ = {
			isa = PBXFrameworksBuildPhase;
			buildActionMask = 2147483647;
			files = (
			);
			runOnlyForDeploymentPostprocessing = 0;
		};
/* End PBXFrameworksBuildPhase section */

/* Begin PBXGroup section */
		3D7BBFA61EDBDBE400399485 = {
			isa = PBXGroup;
			children = (
				3D7BBFB11EDBDBE400399485 /* Optinote */,
				3D7BBFC81EDBDBE400399485 /* OptinoteTests */,
				3D7BBFB01EDBDBE400399485 /* Products */,
				3D7BBFD41EDBDD3500399485 /* SQLite.xcodeproj */,
			);
			sourceTree = "<group>";
		};
		3D7BBFB01EDBDBE400399485 /* Products */ = {
			isa = PBXGroup;
			children = (
				3D7BBFAF1EDBDBE400399485 /* Optinote.app */,
				3D7BBFC51EDBDBE400399485 /* OptinoteTests.xctest */,
			);
			name = Products;
			sourceTree = "<group>";
		};
		3D7BBFB11EDBDBE400399485 /* Optinote */ = {
			isa = PBXGroup;
			children = (
				3D39F6F91EDE85260057FE0C /* optiNoteDB.db */,
				3D7BBFB21EDBDBE400399485 /* AppDelegate.swift */,
				3D7BBFB41EDBDBE400399485 /* FirstViewController.swift */,
				3D7BBFB61EDBDBE400399485 /* SecondViewController.swift */,
				3D39F6EA1EDBE8960057FE0C /* ThirdViewController.swift */,
				3D7BBFB81EDBDBE400399485 /* Main.storyboard */,
				3D39F6FA1EDE869C0057FE0C /* FourthViewController.swift */,
				3D7BBFBB1EDBDBE400399485 /* Assets.xcassets */,
				3D7BBFBD1EDBDBE400399485 /* LaunchScreen.storyboard */,
				3D7BBFC01EDBDBE400399485 /* Info.plist */,
			);
			path = Optinote;
			sourceTree = "<group>";
		};
		3D7BBFC81EDBDBE400399485 /* OptinoteTests */ = {
			isa = PBXGroup;
			children = (
				3D7BBFC91EDBDBE400399485 /* OptinoteTests.swift */,
				3D7BBFCB1EDBDBE400399485 /* Info.plist */,
			);
			path = OptinoteTests;
			sourceTree = "<group>";
		};
		3D7BBFD51EDBDD3500399485 /* Products */ = {
			isa = PBXGroup;
			children = (
				3D7BBFDF1EDBDD3600399485 /* SQLite.framework */,
				3D7BBFE11EDBDD3600399485 /* SQLiteTests iOS.xctest */,
				3D7BBFE31EDBDD3600399485 /* SQLite.framework */,
				3D7BBFE51EDBDD3600399485 /* SQLiteTests Mac.xctest */,
				3D7BBFE71EDBDD3600399485 /* SQLite.framework */,
				3D7BBFE91EDBDD3600399485 /* SQLiteTests tvOS.xctest */,
				3D7BBFEB1EDBDD3600399485 /* SQLite.framework */,
			);
			name = Products;
			sourceTree = "<group>";
		};
/* End PBXGroup section */

/* Begin PBXNativeTarget section */
		3D7BBFAE1EDBDBE400399485 /* Optinote */ = {
			isa = PBXNativeTarget;
			buildConfigurationList = 3D7BBFCE1EDBDBE400399485 /* Build configuration list for PBXNativeTarget "Optinote" */;
			buildPhases = (
				3D7BBFAB1EDBDBE400399485 /* Sources */,
				3D7BBFAC1EDBDBE400399485 /* Frameworks */,
				3D7BBFAD1EDBDBE400399485 /* Resources */,
				3D7BBFF11EDBDD5A00399485 /* Embed Frameworks */,
			);
			buildRules = (
			);
			dependencies = (
				3D7BBFF01EDBDD5900399485 /* PBXTargetDependency */,
			);
			name = Optinote;
			productName = Optinote;
			productReference = 3D7BBFAF1EDBDBE400399485 /* Optinote.app */;
			productType = "com.apple.product-type.application";
		};
		3D7BBFC41EDBDBE400399485 /* OptinoteTests */ = {
			isa = PBXNativeTarget;
			buildConfigurationList = 3D7BBFD11EDBDBE400399485 /* Build configuration list for PBXNativeTarget "OptinoteTests" */;
			buildPhases = (
				3D7BBFC11EDBDBE400399485 /* Sources */,
				3D7BBFC21EDBDBE400399485 /* Frameworks */,
				3D7BBFC31EDBDBE400399485 /* Resources */,
			);
			buildRules = (
			);
			dependencies = (
				3D7BBFC71EDBDBE400399485 /* PBXTargetDependency */,
			);
			name = OptinoteTests;
			productName = OptinoteTests;
			productReference = 3D7BBFC51EDBDBE400399485 /* OptinoteTests.xctest */;
			productType = "com.apple.product-type.bundle.unit-test";
		};
/* End PBXNativeTarget section */

/* Begin PBXProject section */
		3D7BBFA71EDBDBE400399485 /* Project object */ = {
			isa = PBXProject;
			attributes = {
				LastSwiftUpdateCheck = 0830;
				LastUpgradeCheck = 0830;
				ORGANIZATIONNAME = Optimi;
				TargetAttributes = {
					3D7BBFAE1EDBDBE400399485 = {
						CreatedOnToolsVersion = 8.3.2;
						ProvisioningStyle = Automatic;
					};
					3D7BBFC41EDBDBE400399485 = {
						CreatedOnToolsVersion = 8.3.2;
						ProvisioningStyle = Automatic;
						TestTargetID = 3D7BBFAE1EDBDBE400399485;
					};
				};
			};
			buildConfigurationList = 3D7BBFAA1EDBDBE400399485 /* Build configuration list for PBXProject "Optinote" */;
			compatibilityVersion = "Xcode 3.2";
			developmentRegion = English;
			hasScannedForEncodings = 0;
			knownRegions = (
				en,
				Base,
			);
			mainGroup = 3D7BBFA61EDBDBE400399485;
			productRefGroup = 3D7BBFB01EDBDBE400399485 /* Products */;
			projectDirPath = "";
			projectReferences = (
				{
					ProductGroup = 3D7BBFD51EDBDD3500399485 /* Products */;
					ProjectRef = 3D7BBFD41EDBDD3500399485 /* SQLite.xcodeproj */;
				},
			);
			projectRoot = "";
			targets = (
				3D7BBFAE1EDBDBE400399485 /* Optinote */,
				3D7BBFC41EDBDBE400399485 /* OptinoteTests */,
			);
		};
/* End PBXProject section */

/* Begin PBXReferenceProxy section */
		3D7BBFDF1EDBDD3600399485 /* SQLite.framework */ = {
			isa = PBXReferenceProxy;
			fileType = wrapper.framework;
			path = SQLite.framework;
			remoteRef = 3D7BBFDE1EDBDD3600399485 /* PBXContainerItemProxy */;
			sourceTree = BUILT_PRODUCTS_DIR;
		};
		3D7BBFE11EDBDD3600399485 /* SQLiteTests iOS.xctest */ = {
			isa = PBXReferenceProxy;
			fileType = wrapper.cfbundle;
			path = "SQLiteTests iOS.xctest";
			remoteRef = 3D7BBFE01EDBDD3600399485 /* PBXContainerItemProxy */;
			sourceTree = BUILT_PRODUCTS_DIR;
		};
		3D7BBFE31EDBDD3600399485 /* SQLite.framework */ = {
			isa = PBXReferenceProxy;
			fileType = wrapper.framework;
			path = SQLite.framework;
			remoteRef = 3D7BBFE21EDBDD3600399485 /* PBXContainerItemProxy */;
			sourceTree = BUILT_PRODUCTS_DIR;
		};
		3D7BBFE51EDBDD3600399485 /* SQLiteTests Mac.xctest */ = {
			isa = PBXReferenceProxy;
			fileType = wrapper.cfbundle;
			path = "SQLiteTests Mac.xctest";
			remoteRef = 3D7BBFE41EDBDD3600399485 /* PBXContainerItemProxy */;
			sourceTree = BUILT_PRODUCTS_DIR;
		};
		3D7BBFE71EDBDD3600399485 /* SQLite.framework */ = {
			isa = PBXReferenceProxy;
			fileType = wrapper.framework;
			path = SQLite.framework;
			remoteRef = 3D7BBFE61EDBDD3600399485 /* PBXContainerItemProxy */;
			sourceTree = BUILT_PRODUCTS_DIR;
		};
		3D7BBFE91EDBDD3600399485 /* SQLiteTests tvOS.xctest */ = {
			isa = PBXReferenceProxy;
			fileType = wrapper.cfbundle;
			path = "SQLiteTests tvOS.xctest";
			remoteRef = 3D7BBFE81EDBDD3600399485 /* PBXContainerItemProxy */;
			sourceTree = BUILT_PRODUCTS_DIR;
		};
		3D7BBFEB1EDBDD3600399485 /* SQLite.framework */ = {
			isa = PBXReferenceProxy;
			fileType = wrapper.framework;
			path = SQLite.framework;
			remoteRef = 3D7BBFEA1EDBDD3600399485 /* PBXContainerItemProxy */;
			sourceTree = BUILT_PRODUCTS_DIR;
		};
/* End PBXReferenceProxy section */

/* Begin PBXResourcesBuildPhase section */
		3D7BBFAD1EDBDBE400399485 /* Resources */ = {
			isa = PBXResourcesBuildPhase;
			buildActionMask = 2147483647;
			files = (
				3D7BBFBF1EDBDBE400399485 /* LaunchScreen.storyboard in Resources */,
				3D7BBFBC1EDBDBE400399485 /* Assets.xcassets in Resources */,
				3D7BBFBA1EDBDBE400399485 /* Main.storyboard in Resources */,
			);
			runOnlyForDeploymentPostprocessing = 0;
		};
		3D7BBFC31EDBDBE400399485 /* Resources */ = {
			isa = PBXResourcesBuildPhase;
			buildActionMask = 2147483647;
			files = (
			);
			runOnlyForDeploymentPostprocessing = 0;
		};
/* End PBXResourcesBuildPhase section */

/* Begin PBXSourcesBuildPhase section */
		3D7BBFAB1EDBDBE400399485 /* Sources */ = {
			isa = PBXSourcesBuildPhase;
			buildActionMask = 2147483647;
			files = (
				3D39F6FB1EDE869C0057FE0C /* FourthViewController.swift in Sources */,
				3D7BBFB71EDBDBE400399485 /* SecondViewController.swift in Sources */,
				3D7BBFB31EDBDBE400399485 /* AppDelegate.swift in Sources */,
				3D39F6EB1EDBE8960057FE0C /* ThirdViewController.swift in Sources */,
				3D7BBFB51EDBDBE400399485 /* FirstViewController.swift in Sources */,
			);
			runOnlyForDeploymentPostprocessing = 0;
		};
		3D7BBFC11EDBDBE400399485 /* Sources */ = {
			isa = PBXSourcesBuildPhase;
			buildActionMask = 2147483647;
			files = (
				3D7BBFCA1EDBDBE400399485 /* OptinoteTests.swift in Sources */,
			);
			runOnlyForDeploymentPostprocessing = 0;
		};
/* End PBXSourcesBuildPhase section */

/* Begin PBXTargetDependency section */
		3D7BBFC71EDBDBE400399485 /* PBXTargetDependency */ = {
			isa = PBXTargetDependency;
			target = 3D7BBFAE1EDBDBE400399485 /* Optinote */;
			targetProxy = 3D7BBFC61EDBDBE400399485 /* PBXContainerItemProxy */;
		};
		3D7BBFF01EDBDD5900399485 /* PBXTargetDependency */ = {
			isa = PBXTargetDependency;
			name = "SQLite iOS";
			targetProxy = 3D7BBFEF1EDBDD5900399485 /* PBXContainerItemProxy */;
		};
/* End PBXTargetDependency section */

/* Begin PBXVariantGroup section */
		3D7BBFB81EDBDBE400399485 /* Main.storyboard */ = {
			isa = PBXVariantGroup;
			children = (
				3D7BBFB91EDBDBE400399485 /* Base */,
			);
			name = Main.storyboard;
			sourceTree = "<group>";
		};
		3D7BBFBD1EDBDBE400399485 /* LaunchScreen.storyboard */ = {
			isa = PBXVariantGroup;
			children = (
				3D7BBFBE1EDBDBE400399485 /* Base */,
			);
			name = LaunchScreen.storyboard;
			sourceTree = "<group>";
		};
/* End PBXVariantGroup section */

/* Begin XCBuildConfiguration section */
		3D7BBFCC1EDBDBE400399485 /* Debug */ = {
			isa = XCBuildConfiguration;
			buildSettings = {
				ALWAYS_SEARCH_USER_PATHS = NO;
				CLANG_ANALYZER_NONNULL = YES;
				CLANG_ANALYZER_NUMBER_OBJECT_CONVERSION = YES_AGGRESSIVE;
				CLANG_CXX_LANGUAGE_STANDARD = "gnu++0x";
				CLANG_CXX_LIBRARY = "libc++";
				CLANG_ENABLE_MODULES = YES;
				CLANG_ENABLE_OBJC_ARC = YES;
				CLANG_WARN_BOOL_CONVERSION = YES;
				CLANG_WARN_CONSTANT_CONVERSION = YES;
				CLANG_WARN_DIRECT_OBJC_ISA_USAGE = YES_ERROR;
				CLANG_WARN_DOCUMENTATION_COMMENTS = YES;
				CLANG_WARN_EMPTY_BODY = YES;
				CLANG_WARN_ENUM_CONVERSION = YES;
				CLANG_WARN_INFINITE_RECURSION = YES;
				CLANG_WARN_INT_CONVERSION = YES;
				CLANG_WARN_OBJC_ROOT_CLASS = YES_ERROR;
				CLANG_WARN_SUSPICIOUS_MOVE = YES;
				CLANG_WARN_UNREACHABLE_CODE = YES;
				CLANG_WARN__DUPLICATE_METHOD_MATCH = YES;
				"CODE_SIGN_IDENTITY[sdk=iphoneos*]" = "iPhone Developer";
				COPY_PHASE_STRIP = NO;
				DEBUG_INFORMATION_FORMAT = dwarf;
				ENABLE_STRICT_OBJC_MSGSEND = YES;
				ENABLE_TESTABILITY = YES;
				GCC_C_LANGUAGE_STANDARD = gnu99;
				GCC_DYNAMIC_NO_PIC = NO;
				GCC_NO_COMMON_BLOCKS = YES;
				GCC_OPTIMIZATION_LEVEL = 0;
				GCC_PREPROCESSOR_DEFINITIONS = (
					"DEBUG=1",
					"$(inherited)",
				);
				GCC_WARN_64_TO_32_BIT_CONVERSION = YES;
				GCC_WARN_ABOUT_RETURN_TYPE = YES_ERROR;
				GCC_WARN_UNDECLARED_SELECTOR = YES;
				GCC_WARN_UNINITIALIZED_AUTOS = YES_AGGRESSIVE;
				GCC_WARN_UNUSED_FUNCTION = YES;
				GCC_WARN_UNUSED_VARIABLE = YES;
				IPHONEOS_DEPLOYMENT_TARGET = 10.3;
				MTL_ENABLE_DEBUG_INFO = YES;
				ONLY_ACTIVE_ARCH = YES;
				SDKROOT = iphoneos;
				SWIFT_ACTIVE_COMPILATION_CONDITIONS = DEBUG;
				SWIFT_OPTIMIZATION_LEVEL = "-Onone";
				TARGETED_DEVICE_FAMILY = "1,2";
			};
			name = Debug;
		};
		3D7BBFCD1EDBDBE400399485 /* Release */ = {
			isa = XCBuildConfiguration;
			buildSettings = {
				ALWAYS_SEARCH_USER_PATHS = NO;
				CLANG_ANALYZER_NONNULL = YES;
				CLANG_ANALYZER_NUMBER_OBJECT_CONVERSION = YES_AGGRESSIVE;
				CLANG_CXX_LANGUAGE_STANDARD = "gnu++0x";
				CLANG_CXX_LIBRARY = "libc++";
				CLANG_ENABLE_MODULES = YES;
				CLANG_ENABLE_OBJC_ARC = YES;
				CLANG_WARN_BOOL_CONVERSION = YES;
				CLANG_WARN_CONSTANT_CONVERSION = YES;
				CLANG_WARN_DIRECT_OBJC_ISA_USAGE = YES_ERROR;
				CLANG_WARN_DOCUMENTATION_COMMENTS = YES;
				CLANG_WARN_EMPTY_BODY = YES;
				CLANG_WARN_ENUM_CONVERSION = YES;
				CLANG_WARN_INFINITE_RECURSION = YES;
				CLANG_WARN_INT_CONVERSION = YES;
				CLANG_WARN_OBJC_ROOT_CLASS = YES_ERROR;
				CLANG_WARN_SUSPICIOUS_MOVE = YES;
				CLANG_WARN_UNREACHABLE_CODE = YES;
				CLANG_WARN__DUPLICATE_METHOD_MATCH = YES;
				"CODE_SIGN_IDENTITY[sdk=iphoneos*]" = "iPhone Developer";
				COPY_PHASE_STRIP = NO;
				DEBUG_INFORMATION_FORMAT = "dwarf-with-dsym";
				ENABLE_NS_ASSERTIONS = NO;
				ENABLE_STRICT_OBJC_MSGSEND = YES;
				GCC_C_LANGUAGE_STANDARD = gnu99;
				GCC_NO_COMMON_BLOCKS = YES;
				GCC_WARN_64_TO_32_BIT_CONVERSION = YES;
				GCC_WARN_ABOUT_RETURN_TYPE = YES_ERROR;
				GCC_WARN_UNDECLARED_SELECTOR = YES;
				GCC_WARN_UNINITIALIZED_AUTOS = YES_AGGRESSIVE;
				GCC_WARN_UNUSED_FUNCTION = YES;
				GCC_WARN_UNUSED_VARIABLE = YES;
				IPHONEOS_DEPLOYMENT_TARGET = 10.3;
				MTL_ENABLE_DEBUG_INFO = NO;
				SDKROOT = iphoneos;
				SWIFT_OPTIMIZATION_LEVEL = "-Owholemodule";
				TARGETED_DEVICE_FAMILY = "1,2";
				VALIDATE_PRODUCT = YES;
			};
			name = Release;
		};
		3D7BBFCF1EDBDBE400399485 /* Debug */ = {
			isa = XCBuildConfiguration;
			buildSettings = {
				ALWAYS_EMBED_SWIFT_STANDARD_LIBRARIES = YES;
				ASSETCATALOG_COMPILER_APPICON_NAME = AppIcon;
				INFOPLIST_FILE = Optinote/Info.plist;
				LD_RUNPATH_SEARCH_PATHS = "$(inherited) @executable_path/Frameworks";
				PRODUCT_BUNDLE_IDENTIFIER = "http---getoptimi.com.Optinote";
				PRODUCT_NAME = "$(TARGET_NAME)";
				SWIFT_VERSION = 3.0;
			};
			name = Debug;
		};
		3D7BBFD01EDBDBE400399485 /* Release */ = {
			isa = XCBuildConfiguration;
			buildSettings = {
				ALWAYS_EMBED_SWIFT_STANDARD_LIBRARIES = YES;
				ASSETCATALOG_COMPILER_APPICON_NAME = AppIcon;
				INFOPLIST_FILE = Optinote/Info.plist;
				LD_RUNPATH_SEARCH_PATHS = "$(inherited) @executable_path/Frameworks";
				PRODUCT_BUNDLE_IDENTIFIER = "http---getoptimi.com.Optinote";
				PRODUCT_NAME = "$(TARGET_NAME)";
				SWIFT_VERSION = 3.0;
			};
			name = Release;
		};
		3D7BBFD21EDBDBE400399485 /* Debug */ = {
			isa = XCBuildConfiguration;
			buildSettings = {
				ALWAYS_EMBED_SWIFT_STANDARD_LIBRARIES = YES;
				BUNDLE_LOADER = "$(TEST_HOST)";
				INFOPLIST_FILE = OptinoteTests/Info.plist;
				LD_RUNPATH_SEARCH_PATHS = "$(inherited) @executable_path/Frameworks @loader_path/Frameworks";
				PRODUCT_BUNDLE_IDENTIFIER = "http---getoptimi.com.OptinoteTests";
				PRODUCT_NAME = "$(TARGET_NAME)";
				SWIFT_VERSION = 3.0;
				TEST_HOST = "$(BUILT_PRODUCTS_DIR)/Optinote.app/Optinote";
			};
			name = Debug;
		};
		3D7BBFD31EDBDBE400399485 /* Release */ = {
			isa = XCBuildConfiguration;
			buildSettings = {
				ALWAYS_EMBED_SWIFT_STANDARD_LIBRARIES = YES;
				BUNDLE_LOADER = "$(TEST_HOST)";
				INFOPLIST_FILE = OptinoteTests/Info.plist;
				LD_RUNPATH_SEARCH_PATHS = "$(inherited) @executable_path/Frameworks @loader_path/Frameworks";
				PRODUCT_BUNDLE_IDENTIFIER = "http---getoptimi.com.OptinoteTests";
				PRODUCT_NAME = "$(TARGET_NAME)";
				SWIFT_VERSION = 3.0;
				TEST_HOST = "$(BUILT_PRODUCTS_DIR)/Optinote.app/Optinote";
			};
			name = Release;
		};
/* End XCBuildConfiguration section */

/* Begin XCConfigurationList section */
		3D7BBFAA1EDBDBE400399485 /* Build configuration list for PBXProject "Optinote" */ = {
			isa = XCConfigurationList;
			buildConfigurations = (
				3D7BBFCC1EDBDBE400399485 /* Debug */,
				3D7BBFCD1EDBDBE400399485 /* Release */,
			);
			defaultConfigurationIsVisible = 0;
			defaultConfigurationName = Release;
		};
		3D7BBFCE1EDBDBE400399485 /* Build configuration list for PBXNativeTarget "Optinote" */ = {
			isa = XCConfigurationList;
			buildConfigurations = (
				3D7BBFCF1EDBDBE400399485 /* Debug */,
				3D7BBFD01EDBDBE400399485 /* Release */,
			);
			defaultConfigurationIsVisible = 0;
			defaultConfigurationName = Release;
		};
		3D7BBFD11EDBDBE400399485 /* Build configuration list for PBXNativeTarget "OptinoteTests" */ = {
			isa = XCConfigurationList;
			buildConfigurations = (
				3D7BBFD21EDBDBE400399485 /* Debug */,
				3D7BBFD31EDBDBE400399485 /* Release */,
			);
			defaultConfigurationIsVisible = 0;
			defaultConfigurationName = Release;
		};
/* End XCConfigurationList section */
	};
	rootObject = 3D7BBFA71EDBDBE400399485 /* Project object */;
}
